
Microsoft Visual Studio Solution File, Format Version 12.00
# Visual Studio Version 16
VisualStudioVersion = 16.0.32929.386
MinimumVisualStudioVersion = 10.0.40219.1
Project("{FAE04EC0-301F-11D3-BF4B-00C04F79EFBC}") = "CRUDAspNetCoreWebAPI", "CRUDAspNetCoreWebAPI\CRUDAspNetCoreWebAPI.csproj", "{F12C9E4D-33DE-42B0-9280-B300EB7756D7}"
EndProject
Global
	GlobalSection(SolutionConfigurationPlatforms) = preSolution
		Debug|Any CPU = Debug|Any CPU
		Release|Any CPU = Release|Any CPU
	EndGlobalSection
	GlobalSection(ProjectConfigurationPlatforms) = postSolution
		{F12C9E4D-33DE-42B0-9280-B300EB7756D7}.Debug|Any CPU.ActiveCfg = Debug|Any CPU
		{F12C9E4D-33DE-42B0-9280-B300EB7756D7}.Debug|Any CPU.Build.0 = Debug|Any CPU
		{F12C9E4D-33DE-42B0-9280-B300EB7756D7}.Release|Any CPU.ActiveCfg = Release|Any CPU
		{F12C9E4D-33DE-42B0-9280-B300EB7756D7}.Release|Any CPU.Build.0 = Release|Any CPU
	EndGlobalSection
	GlobalSection(SolutionProperties) = preSolution
		HideSolutionNode = FALSE
	EndGlobalSection
	GlobalSection(ExtensibilityGlobals) = postSolution
		SolutionGuid = {4DB76604-AB05-48C6-9B6A-D4546A1FC20D}
	EndGlobalSection
EndGlobal
